
Microsoft Visual Studio Solution File, Format Version 12.00
# Visual Studio 2013
VisualStudioVersion = 12.0.21005.1
MinimumVisualStudioVersion = 10.0.40219.1
Project("{2150E333-8FDC-42A3-9474-1A3956D46DE8}") = ".nuget", ".nuget", "{00AABA35-D70B-49AC-B1F8-767191D6D904}"
EndProject
Project("{2150E333-8FDC-42A3-9474-1A3956D46DE8}") = "Solution Items", "Solution Items", "{1493EC4B-E41A-4CD8-8BE1-03DF2A5A6E64}"
	ProjectSection(SolutionItems) = preProject
		queuedash.png = queuedash.png
		README.md = README.md
	EndProjectSection
EndProject
Project("{FAE04EC0-301F-11D3-BF4B-00C04F79EFBC}") = "Queue-Demo", "Queue-Demo\Queue-Demo.csproj", "{4513C82B-5F3D-4A8B-85A4-CD71E7EAC33E}"
EndProject
Global
	GlobalSection(SolutionConfigurationPlatforms) = preSolution
		Debug|Any CPU = Debug|Any CPU
		Release|Any CPU = Release|Any CPU
	EndGlobalSection
	GlobalSection(ProjectConfigurationPlatforms) = postSolution
		{4513C82B-5F3D-4A8B-85A4-CD71E7EAC33E}.Debug|Any CPU.ActiveCfg = Debug|Any CPU
		{4513C82B-5F3D-4A8B-85A4-CD71E7EAC33E}.Debug|Any CPU.Build.0 = Debug|Any CPU
		{4513C82B-5F3D-4A8B-85A4-CD71E7EAC33E}.Release|Any CPU.ActiveCfg = Release|Any CPU
		{4513C82B-5F3D-4A8B-85A4-CD71E7EAC33E}.Release|Any CPU.Build.0 = Release|Any CPU
	EndGlobalSection
	GlobalSection(SolutionProperties) = preSolution
		HideSolutionNode = FALSE
	EndGlobalSection
EndGlobal
